
Microsoft Visual Studio Solution File, Format Version 12.00
Project("{FAE04EC0-301F-11D3-BF4B-00C04F79EFBC}") = "MultithreadingConsoleApp", "MultithreadingConsoleApp\MultithreadingConsoleApp.csproj", "{F6DA975F-8E47-416B-AD49-AD5AD6F14772}"
EndProject
Global
	GlobalSection(SolutionConfigurationPlatforms) = preSolution
		Debug|Any CPU = Debug|Any CPU
		Release|Any CPU = Release|Any CPU
	EndGlobalSection
	GlobalSection(ProjectConfigurationPlatforms) = postSolution
		{F6DA975F-8E47-416B-AD49-AD5AD6F14772}.Debug|Any CPU.ActiveCfg = Debug|Any CPU
		{F6DA975F-8E47-416B-AD49-AD5AD6F14772}.Debug|Any CPU.Build.0 = Debug|Any CPU
		{F6DA975F-8E47-416B-AD49-AD5AD6F14772}.Release|Any CPU.ActiveCfg = Release|Any CPU
		{F6DA975F-8E47-416B-AD49-AD5AD6F14772}.Release|Any CPU.Build.0 = Release|Any CPU
	EndGlobalSection
EndGlobal
